
Microsoft Visual Studio Solution File, Format Version 12.00
# Visual Studio Version 16
VisualStudioVersion = 16.0.29326.143
MinimumVisualStudioVersion = 10.0.40219.1
Project("{FAE04EC0-301F-11D3-BF4B-00C04F79EFBC}") = "ZadaciIZExcela", "ZadaciIZExcela\ZadaciIZExcela.csproj", "{44DC9AE8-524D-451B-A8F3-66186E9A73DB}"
EndProject
Project("{FAE04EC0-301F-11D3-BF4B-00C04F79EFBC}") = "110Zadatak", "110Zadatak\110Zadatak.csproj", "{4C079EA7-22A1-4F49-A3F6-6AE59EAB54B5}"
EndProject
Project("{FAE04EC0-301F-11D3-BF4B-00C04F79EFBC}") = "IspisRijeciAbecedno", "IspisRijeciAbecedno\IspisRijeciAbecedno.csproj", "{9A4B6477-C82C-41BE-A314-7537CAD330F1}"
EndProject
Project("{FAE04EC0-301F-11D3-BF4B-00C04F79EFBC}") = "AutomobiliZadatakAlgebra", "AutomobiliZadatakAlgebra\AutomobiliZadatakAlgebra.csproj", "{287B4E7E-EC0D-4C10-A3BE-BF9617E4FF5F}"
EndProject
Project("{FAE04EC0-301F-11D3-BF4B-00C04F79EFBC}") = "111Zadatak", "111Zadatak\111Zadatak.csproj", "{0863CD39-A455-4456-A12F-A20C62712267}"
EndProject
Project("{FAE04EC0-301F-11D3-BF4B-00C04F79EFBC}") = "112Zadatak", "112Zadatak\112Zadatak.csproj", "{41FE349E-3F51-45C4-A83E-1945C9F34A0B}"
EndProject
Project("{9A19103F-16F7-4668-BE54-9A1E7A4F7556}") = "Test", "app\Test.csproj", "{4FAA91C4-35B8-4730-B6AE-38C1EEEA32F2}"
EndProject
Project("{FAE04EC0-301F-11D3-BF4B-00C04F79EFBC}") = "113Zadatak", "113Zadatak\113Zadatak.csproj", "{617F988D-FABC-41B8-B170-48929F373EE2}"
EndProject
Project("{FAE04EC0-301F-11D3-BF4B-00C04F79EFBC}") = "114Zadatak", "114Zadatak\114Zadatak.csproj", "{60AD8A93-2914-423F-A9B3-9D67C71E997A}"
EndProject
Project("{FAE04EC0-301F-11D3-BF4B-00C04F79EFBC}") = "PlayingLoto", "PlayingLoto\PlayingLoto.csproj", "{5A57B09F-CD4E-4CEF-95C7-F10CAD476152}"
EndProject
Project("{FAE04EC0-301F-11D3-BF4B-00C04F79EFBC}") = "Poglavlje5_zadatak1", "Poglavlje5_zadatak1\Poglavlje5_zadatak1.csproj", "{0320B073-4001-47D3-B035-B4C7975608C1}"
EndProject
Project("{FAE04EC0-301F-11D3-BF4B-00C04F79EFBC}") = "BodoviNaKolegijima", "BodoviNaKolegijima\BodoviNaKolegijima.csproj", "{F1607C7A-0051-400A-A0A0-85BA94FCBF4D}"
EndProject
Global
	GlobalSection(SolutionConfigurationPlatforms) = preSolution
		Debug|Any CPU = Debug|Any CPU
		Release|Any CPU = Release|Any CPU
	EndGlobalSection
	GlobalSection(ProjectConfigurationPlatforms) = postSolution
		{44DC9AE8-524D-451B-A8F3-66186E9A73DB}.Debug|Any CPU.ActiveCfg = Debug|Any CPU
		{44DC9AE8-524D-451B-A8F3-66186E9A73DB}.Debug|Any CPU.Build.0 = Debug|Any CPU
		{44DC9AE8-524D-451B-A8F3-66186E9A73DB}.Release|Any CPU.ActiveCfg = Release|Any CPU
		{44DC9AE8-524D-451B-A8F3-66186E9A73DB}.Release|Any CPU.Build.0 = Release|Any CPU
		{4C079EA7-22A1-4F49-A3F6-6AE59EAB54B5}.Debug|Any CPU.ActiveCfg = Debug|Any CPU
		{4C079EA7-22A1-4F49-A3F6-6AE59EAB54B5}.Debug|Any CPU.Build.0 = Debug|Any CPU
		{4C079EA7-22A1-4F49-A3F6-6AE59EAB54B5}.Release|Any CPU.ActiveCfg = Release|Any CPU
		{4C079EA7-22A1-4F49-A3F6-6AE59EAB54B5}.Release|Any CPU.Build.0 = Release|Any CPU
		{9A4B6477-C82C-41BE-A314-7537CAD330F1}.Debug|Any CPU.ActiveCfg = Debug|Any CPU
		{9A4B6477-C82C-41BE-A314-7537CAD330F1}.Debug|Any CPU.Build.0 = Debug|Any CPU
		{9A4B6477-C82C-41BE-A314-7537CAD330F1}.Release|Any CPU.ActiveCfg = Release|Any CPU
		{9A4B6477-C82C-41BE-A314-7537CAD330F1}.Release|Any CPU.Build.0 = Release|Any CPU
		{287B4E7E-EC0D-4C10-A3BE-BF9617E4FF5F}.Debug|Any CPU.ActiveCfg = Debug|Any CPU
		{287B4E7E-EC0D-4C10-A3BE-BF9617E4FF5F}.Debug|Any CPU.Build.0 = Debug|Any CPU
		{287B4E7E-EC0D-4C10-A3BE-BF9617E4FF5F}.Release|Any CPU.ActiveCfg = Release|Any CPU
		{287B4E7E-EC0D-4C10-A3BE-BF9617E4FF5F}.Release|Any CPU.Build.0 = Release|Any CPU
		{0863CD39-A455-4456-A12F-A20C62712267}.Debug|Any CPU.ActiveCfg = Debug|Any CPU
		{0863CD39-A455-4456-A12F-A20C62712267}.Debug|Any CPU.Build.0 = Debug|Any CPU
		{0863CD39-A455-4456-A12F-A20C62712267}.Release|Any CPU.ActiveCfg = Release|Any CPU
		{0863CD39-A455-4456-A12F-A20C62712267}.Release|Any CPU.Build.0 = Release|Any CPU
		{41FE349E-3F51-45C4-A83E-1945C9F34A0B}.Debug|Any CPU.ActiveCfg = Debug|Any CPU
		{41FE349E-3F51-45C4-A83E-1945C9F34A0B}.Debug|Any CPU.Build.0 = Debug|Any CPU
		{41FE349E-3F51-45C4-A83E-1945C9F34A0B}.Release|Any CPU.ActiveCfg = Release|Any CPU
		{41FE349E-3F51-45C4-A83E-1945C9F34A0B}.Release|Any CPU.Build.0 = Release|Any CPU
		{4FAA91C4-35B8-4730-B6AE-38C1EEEA32F2}.Debug|Any CPU.ActiveCfg = Debug|Any CPU
		{4FAA91C4-35B8-4730-B6AE-38C1EEEA32F2}.Debug|Any CPU.Build.0 = Debug|Any CPU
		{4FAA91C4-35B8-4730-B6AE-38C1EEEA32F2}.Release|Any CPU.ActiveCfg = Release|Any CPU
		{4FAA91C4-35B8-4730-B6AE-38C1EEEA32F2}.Release|Any CPU.Build.0 = Release|Any CPU
		{617F988D-FABC-41B8-B170-48929F373EE2}.Debug|Any CPU.ActiveCfg = Debug|Any CPU
		{617F988D-FABC-41B8-B170-48929F373EE2}.Debug|Any CPU.Build.0 = Debug|Any CPU
		{617F988D-FABC-41B8-B170-48929F373EE2}.Release|Any CPU.ActiveCfg = Release|Any CPU
		{617F988D-FABC-41B8-B170-48929F373EE2}.Release|Any CPU.Build.0 = Release|Any CPU
		{60AD8A93-2914-423F-A9B3-9D67C71E997A}.Debug|Any CPU.ActiveCfg = Debug|Any CPU
		{60AD8A93-2914-423F-A9B3-9D67C71E997A}.Debug|Any CPU.Build.0 = Debug|Any CPU
		{60AD8A93-2914-423F-A9B3-9D67C71E997A}.Release|Any CPU.ActiveCfg = Release|Any CPU
		{60AD8A93-2914-423F-A9B3-9D67C71E997A}.Release|Any CPU.Build.0 = Release|Any CPU
		{5A57B09F-CD4E-4CEF-95C7-F10CAD476152}.Debug|Any CPU.ActiveCfg = Debug|Any CPU
		{5A57B09F-CD4E-4CEF-95C7-F10CAD476152}.Debug|Any CPU.Build.0 = Debug|Any CPU
		{5A57B09F-CD4E-4CEF-95C7-F10CAD476152}.Release|Any CPU.ActiveCfg = Release|Any CPU
		{5A57B09F-CD4E-4CEF-95C7-F10CAD476152}.Release|Any CPU.Build.0 = Release|Any CPU
		{0320B073-4001-47D3-B035-B4C7975608C1}.Debug|Any CPU.ActiveCfg = Debug|Any CPU
		{0320B073-4001-47D3-B035-B4C7975608C1}.Debug|Any CPU.Build.0 = Debug|Any CPU
		{0320B073-4001-47D3-B035-B4C7975608C1}.Release|Any CPU.ActiveCfg = Release|Any CPU
		{0320B073-4001-47D3-B035-B4C7975608C1}.Release|Any CPU.Build.0 = Release|Any CPU
		{F1607C7A-0051-400A-A0A0-85BA94FCBF4D}.Debug|Any CPU.ActiveCfg = Debug|Any CPU
		{F1607C7A-0051-400A-A0A0-85BA94FCBF4D}.Debug|Any CPU.Build.0 = Debug|Any CPU
		{F1607C7A-0051-400A-A0A0-85BA94FCBF4D}.Release|Any CPU.ActiveCfg = Release|Any CPU
		{F1607C7A-0051-400A-A0A0-85BA94FCBF4D}.Release|Any CPU.Build.0 = Release|Any CPU
	EndGlobalSection
	GlobalSection(SolutionProperties) = preSolution
		HideSolutionNode = FALSE
	EndGlobalSection
	GlobalSection(ExtensibilityGlobals) = postSolution
		SolutionGuid = {DE7A73E0-5611-437E-B804-E2FDCBC6EAD3}
	EndGlobalSection
EndGlobal
